
Microsoft Visual Studio Solution File, Format Version 12.00
# Visual Studio Version 16
VisualStudioVersion = 16.0.29209.62
MinimumVisualStudioVersion = 10.0.40219.1
Project("{FAE04EC0-301F-11D3-BF4B-00C04F79EFBC}") = "WebApp", "WebApp\WebApp.csproj", "{801999C5-8262-4B91-83EC-73AAD789A4F6}"
EndProject
Project("{FAE04EC0-301F-11D3-BF4B-00C04F79EFBC}") = "eRaceSystem", "eRaceSystem\eRaceSystem.csproj", "{3BEBFDFF-A354-452B-8DB4-5F46A430F34F}"
EndProject
Project("{FAE04EC0-301F-11D3-BF4B-00C04F79EFBC}") = "eRace.Data", "eRace.Data\eRace.Data.csproj", "{3FF122F9-04F0-42EE-93D8-E06082BECC1F}"
EndProject
Global
	GlobalSection(SolutionConfigurationPlatforms) = preSolution
		Debug|Any CPU = Debug|Any CPU
		Release|Any CPU = Release|Any CPU
	EndGlobalSection
	GlobalSection(ProjectConfigurationPlatforms) = postSolution
		{801999C5-8262-4B91-83EC-73AAD789A4F6}.Debug|Any CPU.ActiveCfg = Debug|Any CPU
		{801999C5-8262-4B91-83EC-73AAD789A4F6}.Debug|Any CPU.Build.0 = Debug|Any CPU
		{801999C5-8262-4B91-83EC-73AAD789A4F6}.Release|Any CPU.ActiveCfg = Release|Any CPU
		{801999C5-8262-4B91-83EC-73AAD789A4F6}.Release|Any CPU.Build.0 = Release|Any CPU
		{3BEBFDFF-A354-452B-8DB4-5F46A430F34F}.Debug|Any CPU.ActiveCfg = Debug|Any CPU
		{3BEBFDFF-A354-452B-8DB4-5F46A430F34F}.Debug|Any CPU.Build.0 = Debug|Any CPU
		{3BEBFDFF-A354-452B-8DB4-5F46A430F34F}.Release|Any CPU.ActiveCfg = Release|Any CPU
		{3BEBFDFF-A354-452B-8DB4-5F46A430F34F}.Release|Any CPU.Build.0 = Release|Any CPU
		{3FF122F9-04F0-42EE-93D8-E06082BECC1F}.Debug|Any CPU.ActiveCfg = Debug|Any CPU
		{3FF122F9-04F0-42EE-93D8-E06082BECC1F}.Debug|Any CPU.Build.0 = Debug|Any CPU
		{3FF122F9-04F0-42EE-93D8-E06082BECC1F}.Release|Any CPU.ActiveCfg = Release|Any CPU
		{3FF122F9-04F0-42EE-93D8-E06082BECC1F}.Release|Any CPU.Build.0 = Release|Any CPU
	EndGlobalSection
	GlobalSection(SolutionProperties) = preSolution
		HideSolutionNode = FALSE
	EndGlobalSection
	GlobalSection(ExtensibilityGlobals) = postSolution
		SolutionGuid = {6E9A6D6A-9EA6-4C37-A892-56669C003333}
	EndGlobalSection
EndGlobal
