
Microsoft Visual Studio Solution File, Format Version 12.00
# Visual Studio Version 16
VisualStudioVersion = 16.0.29209.62
MinimumVisualStudioVersion = 10.0.40219.1
Project("{FAE04EC0-301F-11D3-BF4B-00C04F79EFBC}") = "WebApp", "WebApp\WebApp.csproj", "{DD92FC23-5F68-47B9-8EF6-FAE1598AFA4D}"
EndProject
Project("{FAE04EC0-301F-11D3-BF4B-00C04F79EFBC}") = "ChinookSystem", "ChinookSystem\ChinookSystem.csproj", "{BC73BA62-601A-4140-A416-306F91D2AA03}"
EndProject
Project("{FAE04EC0-301F-11D3-BF4B-00C04F79EFBC}") = "ChinookSystem.Data", "ChinookSystem.Data\ChinookSystem.Data.csproj", "{3945A293-2DA3-4D34-A438-9D74AC0A04DA}"
EndProject
Global
	GlobalSection(SolutionConfigurationPlatforms) = preSolution
		Debug|Any CPU = Debug|Any CPU
		Release|Any CPU = Release|Any CPU
	EndGlobalSection
	GlobalSection(ProjectConfigurationPlatforms) = postSolution
		{DD92FC23-5F68-47B9-8EF6-FAE1598AFA4D}.Debug|Any CPU.ActiveCfg = Debug|Any CPU
		{DD92FC23-5F68-47B9-8EF6-FAE1598AFA4D}.Debug|Any CPU.Build.0 = Debug|Any CPU
		{DD92FC23-5F68-47B9-8EF6-FAE1598AFA4D}.Release|Any CPU.ActiveCfg = Release|Any CPU
		{DD92FC23-5F68-47B9-8EF6-FAE1598AFA4D}.Release|Any CPU.Build.0 = Release|Any CPU
		{BC73BA62-601A-4140-A416-306F91D2AA03}.Debug|Any CPU.ActiveCfg = Debug|Any CPU
		{BC73BA62-601A-4140-A416-306F91D2AA03}.Debug|Any CPU.Build.0 = Debug|Any CPU
		{BC73BA62-601A-4140-A416-306F91D2AA03}.Release|Any CPU.ActiveCfg = Release|Any CPU
		{BC73BA62-601A-4140-A416-306F91D2AA03}.Release|Any CPU.Build.0 = Release|Any CPU
		{3945A293-2DA3-4D34-A438-9D74AC0A04DA}.Debug|Any CPU.ActiveCfg = Debug|Any CPU
		{3945A293-2DA3-4D34-A438-9D74AC0A04DA}.Debug|Any CPU.Build.0 = Debug|Any CPU
		{3945A293-2DA3-4D34-A438-9D74AC0A04DA}.Release|Any CPU.ActiveCfg = Release|Any CPU
		{3945A293-2DA3-4D34-A438-9D74AC0A04DA}.Release|Any CPU.Build.0 = Release|Any CPU
	EndGlobalSection
	GlobalSection(SolutionProperties) = preSolution
		HideSolutionNode = FALSE
	EndGlobalSection
	GlobalSection(ExtensibilityGlobals) = postSolution
		SolutionGuid = {89E21843-8D57-4B45-9475-B7B60B7DEF1F}
	EndGlobalSection
EndGlobal
